// !$*UTF8*$!
{
	archiveVersion = 1;
	classes = {
	};
	objectVersion = 56;
	objects = {

/* Begin PBXBuildFile section */
		21F4ED8C29EFCC720054958A /* ProfileViewController.swift in Sources */ = {isa = PBXBuildFile; fileRef = 21F4ED8B29EFCC720054958A /* ProfileViewController.swift */; };
		2D92F97B29D82D7000C963DB /* Alamofire in Frameworks */ = {isa = PBXBuildFile; productRef = 2D92F97A29D82D7000C963DB /* Alamofire */; };
		2D92F97D29D8393A00C963DB /* AuthenticationResponse.swift in Sources */ = {isa = PBXBuildFile; fileRef = 2D92F97C29D8393A00C963DB /* AuthenticationResponse.swift */; };
		2D93F83229CC497A00A498B6 /* Main.storyboard in Resources */ = {isa = PBXBuildFile; fileRef = 2D93F83129CC497A00A498B6 /* Main.storyboard */; };
		2D93F83529CDAEB800A498B6 /* GoogleMaps in Frameworks */ = {isa = PBXBuildFile; productRef = 2D93F83429CDAEB800A498B6 /* GoogleMaps */; };
		2D93F83729CDAEB800A498B6 /* GoogleMapsBase in Frameworks */ = {isa = PBXBuildFile; productRef = 2D93F83629CDAEB800A498B6 /* GoogleMapsBase */; };
		2D93F83929CDAEB800A498B6 /* GoogleMapsCore in Frameworks */ = {isa = PBXBuildFile; productRef = 2D93F83829CDAEB800A498B6 /* GoogleMapsCore */; };
		2D93F83B29CDAEB800A498B6 /* GoogleMapsM4B in Frameworks */ = {isa = PBXBuildFile; productRef = 2D93F83A29CDAEB800A498B6 /* GoogleMapsM4B */; };
		2D93F83D29CDAEB800A498B6 /* GooglePlaces in Frameworks */ = {isa = PBXBuildFile; productRef = 2D93F83C29CDAEB800A498B6 /* GooglePlaces */; };
		2D93F83F29CEEBE200A498B6 /* ViewComplaintsViewController.swift in Sources */ = {isa = PBXBuildFile; fileRef = 2D93F83E29CEEBE200A498B6 /* ViewComplaintsViewController.swift */; };
		2D93F84129CF35AD00A498B6 /* ViewEx.swift in Sources */ = {isa = PBXBuildFile; fileRef = 2D93F84029CF35AC00A498B6 /* ViewEx.swift */; };
		2D9B7EDE29EC32F5004071D1 /* Complaint.swift in Sources */ = {isa = PBXBuildFile; fileRef = 2D9B7EDD29EC32F5004071D1 /* Complaint.swift */; };
		2D9ED6F529CA2CFA00FD0AB8 /* AppDelegate.swift in Sources */ = {isa = PBXBuildFile; fileRef = 2D9ED6F429CA2CFA00FD0AB8 /* AppDelegate.swift */; };
		2D9ED6F729CA2CFA00FD0AB8 /* SceneDelegate.swift in Sources */ = {isa = PBXBuildFile; fileRef = 2D9ED6F629CA2CFA00FD0AB8 /* SceneDelegate.swift */; };
		2D9ED6F929CA2CFA00FD0AB8 /* LogInViewController.swift in Sources */ = {isa = PBXBuildFile; fileRef = 2D9ED6F829CA2CFA00FD0AB8 /* LogInViewController.swift */; };
		2D9ED6FE29CA2CFF00FD0AB8 /* Assets.xcassets in Resources */ = {isa = PBXBuildFile; fileRef = 2D9ED6FD29CA2CFF00FD0AB8 /* Assets.xcassets */; };
		2D9ED70129CA2CFF00FD0AB8 /* LaunchScreen.storyboard in Resources */ = {isa = PBXBuildFile; fileRef = 2D9ED6FF29CA2CFF00FD0AB8 /* LaunchScreen.storyboard */; };
		2D9ED70929CA301D00FD0AB8 /* RegisterViewController.swift in Sources */ = {isa = PBXBuildFile; fileRef = 2D9ED70829CA301D00FD0AB8 /* RegisterViewController.swift */; };
		2D9ED70B29CA303500FD0AB8 /* HomeViewController.swift in Sources */ = {isa = PBXBuildFile; fileRef = 2D9ED70A29CA303500FD0AB8 /* HomeViewController.swift */; };
		2DF22B5E29D01A2000B49988 /* ComplaintTableViewCell.swift in Sources */ = {isa = PBXBuildFile; fileRef = 2DF22B5D29D01A2000B49988 /* ComplaintTableViewCell.swift */; };
		2DF2EDE329CC392B00B45C7D /* StringEx.swift in Sources */ = {isa = PBXBuildFile; fileRef = 2DF2EDE229CC392B00B45C7D /* StringEx.swift */; };
		60DDC69729EAFAE800949BFF /* SessionManager.swift in Sources */ = {isa = PBXBuildFile; fileRef = 60DDC69629EAFAE800949BFF /* SessionManager.swift */; };
		60DDC69929EAFBC500949BFF /* User.swift in Sources */ = {isa = PBXBuildFile; fileRef = 60DDC69829EAFBC500949BFF /* User.swift */; };
		60DDC69B29EBE6CE00949BFF /* UIStoryboardEx.swift in Sources */ = {isa = PBXBuildFile; fileRef = 60DDC69A29EBE6CE00949BFF /* UIStoryboardEx.swift */; };
/* End PBXBuildFile section */

/* Begin PBXFileReference section */
		21F4ED8B29EFCC720054958A /* ProfileViewController.swift */ = {isa = PBXFileReference; lastKnownFileType = sourcecode.swift; path = ProfileViewController.swift; sourceTree = "<group>"; };
		2D92F97C29D8393A00C963DB /* AuthenticationResponse.swift */ = {isa = PBXFileReference; lastKnownFileType = sourcecode.swift; path = AuthenticationResponse.swift; sourceTree = "<group>"; };
		2D93F83129CC497A00A498B6 /* Main.storyboard */ = {isa = PBXFileReference; fileEncoding = 4; lastKnownFileType = file.storyboard; path = Main.storyboard; sourceTree = "<group>"; };
		2D93F83E29CEEBE200A498B6 /* ViewComplaintsViewController.swift */ = {isa = PBXFileReference; lastKnownFileType = sourcecode.swift; path = ViewComplaintsViewController.swift; sourceTree = "<group>"; };
		2D93F84029CF35AC00A498B6 /* ViewEx.swift */ = {isa = PBXFileReference; lastKnownFileType = sourcecode.swift; path = ViewEx.swift; sourceTree = "<group>"; };
		2D9B7EDD29EC32F5004071D1 /* Complaint.swift */ = {isa = PBXFileReference; lastKnownFileType = sourcecode.swift; path = Complaint.swift; sourceTree = "<group>"; };
		2D9ED6F129CA2CFA00FD0AB8 /* GreenCoimbatore.app */ = {isa = PBXFileReference; explicitFileType = wrapper.application; includeInIndex = 0; path = GreenCoimbatore.app; sourceTree = BUILT_PRODUCTS_DIR; };
		2D9ED6F429CA2CFA00FD0AB8 /* AppDelegate.swift */ = {isa = PBXFileReference; lastKnownFileType = sourcecode.swift; path = AppDelegate.swift; sourceTree = "<group>"; };
		2D9ED6F629CA2CFA00FD0AB8 /* SceneDelegate.swift */ = {isa = PBXFileReference; lastKnownFileType = sourcecode.swift; path = SceneDelegate.swift; sourceTree = "<group>"; };
		2D9ED6F829CA2CFA00FD0AB8 /* LogInViewController.swift */ = {isa = PBXFileReference; lastKnownFileType = sourcecode.swift; path = LogInViewController.swift; sourceTree = "<group>"; };
		2D9ED6FD29CA2CFF00FD0AB8 /* Assets.xcassets */ = {isa = PBXFileReference; lastKnownFileType = folder.assetcatalog; path = Assets.xcassets; sourceTree = "<group>"; };
		2D9ED70029CA2CFF00FD0AB8 /* Base */ = {isa = PBXFileReference; lastKnownFileType = file.storyboard; name = Base; path = Base.lproj/LaunchScreen.storyboard; sourceTree = "<group>"; };
		2D9ED70229CA2CFF00FD0AB8 /* Info.plist */ = {isa = PBXFileReference; lastKnownFileType = text.plist.xml; path = Info.plist; sourceTree = "<group>"; };
		2D9ED70829CA301D00FD0AB8 /* RegisterViewController.swift */ = {isa = PBXFileReference; lastKnownFileType = sourcecode.swift; path = RegisterViewController.swift; sourceTree = "<group>"; };
		2D9ED70A29CA303500FD0AB8 /* HomeViewController.swift */ = {isa = PBXFileReference; lastKnownFileType = sourcecode.swift; path = HomeViewController.swift; sourceTree = "<group>"; };
		2DF22B5D29D01A2000B49988 /* ComplaintTableViewCell.swift */ = {isa = PBXFileReference; lastKnownFileType = sourcecode.swift; path = ComplaintTableViewCell.swift; sourceTree = "<group>"; };
		2DF2EDE229CC392B00B45C7D /* StringEx.swift */ = {isa = PBXFileReference; lastKnownFileType = sourcecode.swift; path = StringEx.swift; sourceTree = "<group>"; };
		60DDC69629EAFAE800949BFF /* SessionManager.swift */ = {isa = PBXFileReference; lastKnownFileType = sourcecode.swift; path = SessionManager.swift; sourceTree = "<group>"; };
		60DDC69829EAFBC500949BFF /* User.swift */ = {isa = PBXFileReference; lastKnownFileType = sourcecode.swift; path = User.swift; sourceTree = "<group>"; };
		60DDC69A29EBE6CE00949BFF /* UIStoryboardEx.swift */ = {isa = PBXFileReference; lastKnownFileType = sourcecode.swift; path = UIStoryboardEx.swift; sourceTree = "<group>"; };
/* End PBXFileReference section */

/* Begin PBXFrameworksBuildPhase section */
		2D9ED6EE29CA2CFA00FD0AB8 /* Frameworks */ = {
			isa = PBXFrameworksBuildPhase;
			buildActionMask = 2147483647;
			files = (
				2D93F83529CDAEB800A498B6 /* GoogleMaps in Frameworks */,
				2D93F83929CDAEB800A498B6 /* GoogleMapsCore in Frameworks */,
				2D93F83B29CDAEB800A498B6 /* GoogleMapsM4B in Frameworks */,
				2D92F97B29D82D7000C963DB /* Alamofire in Frameworks */,
				2D93F83D29CDAEB800A498B6 /* GooglePlaces in Frameworks */,
				2D93F83729CDAEB800A498B6 /* GoogleMapsBase in Frameworks */,
			);
			runOnlyForDeploymentPostprocessing = 0;
		};
/* End PBXFrameworksBuildPhase section */

/* Begin PBXGroup section */
		2D9ED6E829CA2CFA00FD0AB8 = {
			isa = PBXGroup;
			children = (
				2D9ED6F329CA2CFA00FD0AB8 /* GreenCoimbatore */,
				2D9ED6F229CA2CFA00FD0AB8 /* Products */,
			);
			sourceTree = "<group>";
		};
		2D9ED6F229CA2CFA00FD0AB8 /* Products */ = {
			isa = PBXGroup;
			children = (
				2D9ED6F129CA2CFA00FD0AB8 /* GreenCoimbatore.app */,
			);
			name = Products;
			sourceTree = "<group>";
		};
		2D9ED6F329CA2CFA00FD0AB8 /* GreenCoimbatore */ = {
			isa = PBXGroup;
			children = (
				2D9ED6F429CA2CFA00FD0AB8 /* AppDelegate.swift */,
				2D9ED6F629CA2CFA00FD0AB8 /* SceneDelegate.swift */,
				2D93F84029CF35AC00A498B6 /* ViewEx.swift */,
				2DF2EDE229CC392B00B45C7D /* StringEx.swift */,
				2D9ED6F829CA2CFA00FD0AB8 /* LogInViewController.swift */,
				2D9ED70829CA301D00FD0AB8 /* RegisterViewController.swift */,
				2D9ED70A29CA303500FD0AB8 /* HomeViewController.swift */,
				2D93F83E29CEEBE200A498B6 /* ViewComplaintsViewController.swift */,
				2DF22B5D29D01A2000B49988 /* ComplaintTableViewCell.swift */,
				2D92F97C29D8393A00C963DB /* AuthenticationResponse.swift */,
				60DDC69629EAFAE800949BFF /* SessionManager.swift */,
				60DDC69829EAFBC500949BFF /* User.swift */,
				60DDC69A29EBE6CE00949BFF /* UIStoryboardEx.swift */,
				2D9B7EDD29EC32F5004071D1 /* Complaint.swift */,
				2D93F83129CC497A00A498B6 /* Main.storyboard */,
				2D9ED6FD29CA2CFF00FD0AB8 /* Assets.xcassets */,
				2D9ED6FF29CA2CFF00FD0AB8 /* LaunchScreen.storyboard */,
				2D9ED70229CA2CFF00FD0AB8 /* Info.plist */,
				21F4ED8B29EFCC720054958A /* ProfileViewController.swift */,
			);
			path = GreenCoimbatore;
			sourceTree = "<group>";
		};
/* End PBXGroup section */

/* Begin PBXNativeTarget section */
		2D9ED6F029CA2CFA00FD0AB8 /* GreenCoimbatore */ = {
			isa = PBXNativeTarget;
			buildConfigurationList = 2D9ED70529CA2CFF00FD0AB8 /* Build configuration list for PBXNativeTarget "GreenCoimbatore" */;
			buildPhases = (
				2D9ED6ED29CA2CFA00FD0AB8 /* Sources */,
				2D9ED6EE29CA2CFA00FD0AB8 /* Frameworks */,
				2D9ED6EF29CA2CFA00FD0AB8 /* Resources */,
			);
			buildRules = (
			);
			dependencies = (
			);
			name = GreenCoimbatore;
			packageProductDependencies = (
				2D93F83429CDAEB800A498B6 /* GoogleMaps */,
				2D93F83629CDAEB800A498B6 /* GoogleMapsBase */,
				2D93F83829CDAEB800A498B6 /* GoogleMapsCore */,
				2D93F83A29CDAEB800A498B6 /* GoogleMapsM4B */,
				2D93F83C29CDAEB800A498B6 /* GooglePlaces */,
				2D92F97A29D82D7000C963DB /* Alamofire */,
			);
			productName = GreenCoimbatore;
			productReference = 2D9ED6F129CA2CFA00FD0AB8 /* GreenCoimbatore.app */;
			productType = "com.apple.product-type.application";
		};
/* End PBXNativeTarget section */

/* Begin PBXProject section */
		2D9ED6E929CA2CFA00FD0AB8 /* Project object */ = {
			isa = PBXProject;
			attributes = {
				BuildIndependentTargetsInParallel = 1;
				LastSwiftUpdateCheck = 1420;
				LastUpgradeCheck = 1420;
				TargetAttributes = {
					2D9ED6F029CA2CFA00FD0AB8 = {
						CreatedOnToolsVersion = 14.2;
					};
				};
			};
			buildConfigurationList = 2D9ED6EC29CA2CFA00FD0AB8 /* Build configuration list for PBXProject "GreenCoimbatore" */;
			compatibilityVersion = "Xcode 14.0";
			developmentRegion = en;
			hasScannedForEncodings = 0;
			knownRegions = (
				en,
				Base,
			);
			mainGroup = 2D9ED6E829CA2CFA00FD0AB8;
			packageReferences = (
				2D93F83329CDAEB800A498B6 /* XCRemoteSwiftPackageReference "GoogleMaps-SP" */,
				2D92F97929D82D7000C963DB /* XCRemoteSwiftPackageReference "Alamofire" */,
			);
			productRefGroup = 2D9ED6F229CA2CFA00FD0AB8 /* Products */;
			projectDirPath = "";
			projectRoot = "";
			targets = (
				2D9ED6F029CA2CFA00FD0AB8 /* GreenCoimbatore */,
			);
		};
/* End PBXProject section */

/* Begin PBXResourcesBuildPhase section */
		2D9ED6EF29CA2CFA00FD0AB8 /* Resources */ = {
			isa = PBXResourcesBuildPhase;
			buildActionMask = 2147483647;
			files = (
				2D93F83229CC497A00A498B6 /* Main.storyboard in Resources */,
				2D9ED70129CA2CFF00FD0AB8 /* LaunchScreen.storyboard in Resources */,
				2D9ED6FE29CA2CFF00FD0AB8 /* Assets.xcassets in Resources */,
			);
			runOnlyForDeploymentPostprocessing = 0;
		};
/* End PBXResourcesBuildPhase section */

/* Begin PBXSourcesBuildPhase section */
		2D9ED6ED29CA2CFA00FD0AB8 /* Sources */ = {
			isa = PBXSourcesBuildPhase;
			buildActionMask = 2147483647;
			files = (
				2D9ED70B29CA303500FD0AB8 /* HomeViewController.swift in Sources */,
				2D93F83F29CEEBE200A498B6 /* ViewComplaintsViewController.swift in Sources */,
				2D9ED6F929CA2CFA00FD0AB8 /* LogInViewController.swift in Sources */,
				2D9ED6F529CA2CFA00FD0AB8 /* AppDelegate.swift in Sources */,
				2D92F97D29D8393A00C963DB /* AuthenticationResponse.swift in Sources */,
				2D9ED6F729CA2CFA00FD0AB8 /* SceneDelegate.swift in Sources */,
				2DF2EDE329CC392B00B45C7D /* StringEx.swift in Sources */,
				2D9ED70929CA301D00FD0AB8 /* RegisterViewController.swift in Sources */,
				60DDC69929EAFBC500949BFF /* User.swift in Sources */,
				2DF22B5E29D01A2000B49988 /* ComplaintTableViewCell.swift in Sources */,
				2D93F84129CF35AD00A498B6 /* ViewEx.swift in Sources */,
				60DDC69729EAFAE800949BFF /* SessionManager.swift in Sources */,
				21F4ED8C29EFCC720054958A /* ProfileViewController.swift in Sources */,
				60DDC69B29EBE6CE00949BFF /* UIStoryboardEx.swift in Sources */,
				2D9B7EDE29EC32F5004071D1 /* Complaint.swift in Sources */,
			);
			runOnlyForDeploymentPostprocessing = 0;
		};
/* End PBXSourcesBuildPhase section */

/* Begin PBXVariantGroup section */
		2D9ED6FF29CA2CFF00FD0AB8 /* LaunchScreen.storyboard */ = {
			isa = PBXVariantGroup;
			children = (
				2D9ED70029CA2CFF00FD0AB8 /* Base */,
			);
			name = LaunchScreen.storyboard;
			sourceTree = "<group>";
		};
/* End PBXVariantGroup section */

/* Begin XCBuildConfiguration section */
		2D9ED70329CA2CFF00FD0AB8 /* Debug */ = {
			isa = XCBuildConfiguration;
			buildSettings = {
				ALWAYS_SEARCH_USER_PATHS = NO;
				CLANG_ANALYZER_NONNULL = YES;
				CLANG_ANALYZER_NUMBER_OBJECT_CONVERSION = YES_AGGRESSIVE;
				CLANG_CXX_LANGUAGE_STANDARD = "gnu++20";
				CLANG_ENABLE_MODULES = YES;
				CLANG_ENABLE_OBJC_ARC = YES;
				CLANG_ENABLE_OBJC_WEAK = YES;
				CLANG_WARN_BLOCK_CAPTURE_AUTORELEASING = YES;
				CLANG_WARN_BOOL_CONVERSION = YES;
				CLANG_WARN_COMMA = YES;
				CLANG_WARN_CONSTANT_CONVERSION = YES;
				CLANG_WARN_DEPRECATED_OBJC_IMPLEMENTATIONS = YES;
				CLANG_WARN_DIRECT_OBJC_ISA_USAGE = YES_ERROR;
				CLANG_WARN_DOCUMENTATION_COMMENTS = YES;
				CLANG_WARN_EMPTY_BODY = YES;
				CLANG_WARN_ENUM_CONVERSION = YES;
				CLANG_WARN_INFINITE_RECURSION = YES;
				CLANG_WARN_INT_CONVERSION = YES;
				CLANG_WARN_NON_LITERAL_NULL_CONVERSION = YES;
				CLANG_WARN_OBJC_IMPLICIT_RETAIN_SELF = YES;
				CLANG_WARN_OBJC_LITERAL_CONVERSION = YES;
				CLANG_WARN_OBJC_ROOT_CLASS = YES_ERROR;
				CLANG_WARN_QUOTED_INCLUDE_IN_FRAMEWORK_HEADER = YES;
				CLANG_WARN_RANGE_LOOP_ANALYSIS = YES;
				CLANG_WARN_STRICT_PROTOTYPES = YES;
				CLANG_WARN_SUSPICIOUS_MOVE = YES;
				CLANG_WARN_UNGUARDED_AVAILABILITY = YES_AGGRESSIVE;
				CLANG_WARN_UNREACHABLE_CODE = YES;
				CLANG_WARN__DUPLICATE_METHOD_MATCH = YES;
				COPY_PHASE_STRIP = NO;
				DEBUG_INFORMATION_FORMAT = dwarf;
				ENABLE_STRICT_OBJC_MSGSEND = YES;
				ENABLE_TESTABILITY = YES;
				GCC_C_LANGUAGE_STANDARD = gnu11;
				GCC_DYNAMIC_NO_PIC = NO;
				GCC_NO_COMMON_BLOCKS = YES;
				GCC_OPTIMIZATION_LEVEL = 0;
				GCC_PREPROCESSOR_DEFINITIONS = (
					"DEBUG=1",
					"$(inherited)",
				);
				GCC_WARN_64_TO_32_BIT_CONVERSION = YES;
				GCC_WARN_ABOUT_RETURN_TYPE = YES_ERROR;
				GCC_WARN_UNDECLARED_SELECTOR = YES;
				GCC_WARN_UNINITIALIZED_AUTOS = YES_AGGRESSIVE;
				GCC_WARN_UNUSED_FUNCTION = YES;
				GCC_WARN_UNUSED_VARIABLE = YES;
				IPHONEOS_DEPLOYMENT_TARGET = 16.2;
				MTL_ENABLE_DEBUG_INFO = INCLUDE_SOURCE;
				MTL_FAST_MATH = YES;
				ONLY_ACTIVE_ARCH = YES;
				SDKROOT = iphoneos;
				SWIFT_ACTIVE_COMPILATION_CONDITIONS = DEBUG;
				SWIFT_OPTIMIZATION_LEVEL = "-Onone";
			};
			name = Debug;
		};
		2D9ED70429CA2CFF00FD0AB8 /* Release */ = {
			isa = XCBuildConfiguration;
			buildSettings = {
				ALWAYS_SEARCH_USER_PATHS = NO;
				CLANG_ANALYZER_NONNULL = YES;
				CLANG_ANALYZER_NUMBER_OBJECT_CONVERSION = YES_AGGRESSIVE;
				CLANG_CXX_LANGUAGE_STANDARD = "gnu++20";
				CLANG_ENABLE_MODULES = YES;
				CLANG_ENABLE_OBJC_ARC = YES;
				CLANG_ENABLE_OBJC_WEAK = YES;
				CLANG_WARN_BLOCK_CAPTURE_AUTORELEASING = YES;
				CLANG_WARN_BOOL_CONVERSION = YES;
				CLANG_WARN_COMMA = YES;
				CLANG_WARN_CONSTANT_CONVERSION = YES;
				CLANG_WARN_DEPRECATED_OBJC_IMPLEMENTATIONS = YES;
				CLANG_WARN_DIRECT_OBJC_ISA_USAGE = YES_ERROR;
				CLANG_WARN_DOCUMENTATION_COMMENTS = YES;
				CLANG_WARN_EMPTY_BODY = YES;
				CLANG_WARN_ENUM_CONVERSION = YES;
				CLANG_WARN_INFINITE_RECURSION = YES;
				CLANG_WARN_INT_CONVERSION = YES;
				CLANG_WARN_NON_LITERAL_NULL_CONVERSION = YES;
				CLANG_WARN_OBJC_IMPLICIT_RETAIN_SELF = YES;
				CLANG_WARN_OBJC_LITERAL_CONVERSION = YES;
				CLANG_WARN_OBJC_ROOT_CLASS = YES_ERROR;
				CLANG_WARN_QUOTED_INCLUDE_IN_FRAMEWORK_HEADER = YES;
				CLANG_WARN_RANGE_LOOP_ANALYSIS = YES;
				CLANG_WARN_STRICT_PROTOTYPES = YES;
				CLANG_WARN_SUSPICIOUS_MOVE = YES;
				CLANG_WARN_UNGUARDED_AVAILABILITY = YES_AGGRESSIVE;
				CLANG_WARN_UNREACHABLE_CODE = YES;
				CLANG_WARN__DUPLICATE_METHOD_MATCH = YES;
				COPY_PHASE_STRIP = NO;
				DEBUG_INFORMATION_FORMAT = "dwarf-with-dsym";
				ENABLE_NS_ASSERTIONS = NO;
				ENABLE_STRICT_OBJC_MSGSEND = YES;
				GCC_C_LANGUAGE_STANDARD = gnu11;
				GCC_NO_COMMON_BLOCKS = YES;
				GCC_WARN_64_TO_32_BIT_CONVERSION = YES;
				GCC_WARN_ABOUT_RETURN_TYPE = YES_ERROR;
				GCC_WARN_UNDECLARED_SELECTOR = YES;
				GCC_WARN_UNINITIALIZED_AUTOS = YES_AGGRESSIVE;
				GCC_WARN_UNUSED_FUNCTION = YES;
				GCC_WARN_UNUSED_VARIABLE = YES;
				IPHONEOS_DEPLOYMENT_TARGET = 16.2;
				MTL_ENABLE_DEBUG_INFO = NO;
				MTL_FAST_MATH = YES;
				SDKROOT = iphoneos;
				SWIFT_COMPILATION_MODE = wholemodule;
				SWIFT_OPTIMIZATION_LEVEL = "-O";
				VALIDATE_PRODUCT = YES;
			};
			name = Release;
		};
		2D9ED70629CA2CFF00FD0AB8 /* Debug */ = {
			isa = XCBuildConfiguration;
			buildSettings = {
				ASSETCATALOG_COMPILER_APPICON_NAME = AppIcon;
				ASSETCATALOG_COMPILER_GLOBAL_ACCENT_COLOR_NAME = AccentColor;
				CODE_SIGN_STYLE = Automatic;
				CURRENT_PROJECT_VERSION = 1;
				GENERATE_INFOPLIST_FILE = YES;
				INFOPLIST_FILE = GreenCoimbatore/Info.plist;
				INFOPLIST_KEY_UIApplicationSupportsIndirectInputEvents = YES;
				INFOPLIST_KEY_UILaunchStoryboardName = LaunchScreen;
				INFOPLIST_KEY_UIMainStoryboardFile = Main;
				INFOPLIST_KEY_UIStatusBarStyle = "";
				INFOPLIST_KEY_UISupportedInterfaceOrientations = UIInterfaceOrientationPortrait;
				LD_RUNPATH_SEARCH_PATHS = (
					"$(inherited)",
					"@executable_path/Frameworks",
				);
				MARKETING_VERSION = 1.0;
				PRODUCT_BUNDLE_IDENTIFIER = com.test.GreenCoimbatore;
				PRODUCT_NAME = "$(TARGET_NAME)";
				SWIFT_EMIT_LOC_STRINGS = YES;
				SWIFT_VERSION = 5.0;
				TARGETED_DEVICE_FAMILY = "1,2";
			};
			name = Debug;
		};
		2D9ED70729CA2CFF00FD0AB8 /* Release */ = {
			isa = XCBuildConfiguration;
			buildSettings = {
				ASSETCATALOG_COMPILER_APPICON_NAME = AppIcon;
				ASSETCATALOG_COMPILER_GLOBAL_ACCENT_COLOR_NAME = AccentColor;
				CODE_SIGN_STYLE = Automatic;
				CURRENT_PROJECT_VERSION = 1;
				GENERATE_INFOPLIST_FILE = YES;
				INFOPLIST_FILE = GreenCoimbatore/Info.plist;
				INFOPLIST_KEY_UIApplicationSupportsIndirectInputEvents = YES;
				INFOPLIST_KEY_UILaunchStoryboardName = LaunchScreen;
				INFOPLIST_KEY_UIMainStoryboardFile = Main;
				INFOPLIST_KEY_UIStatusBarStyle = "";
				INFOPLIST_KEY_UISupportedInterfaceOrientations = UIInterfaceOrientationPortrait;
				LD_RUNPATH_SEARCH_PATHS = (
					"$(inherited)",
					"@executable_path/Frameworks",
				);
				MARKETING_VERSION = 1.0;
				PRODUCT_BUNDLE_IDENTIFIER = com.test.GreenCoimbatore;
				PRODUCT_NAME = "$(TARGET_NAME)";
				SWIFT_EMIT_LOC_STRINGS = YES;
				SWIFT_VERSION = 5.0;
				TARGETED_DEVICE_FAMILY = "1,2";
			};
			name = Release;
		};
/* End XCBuildConfiguration section */

/* Begin XCConfigurationList section */
		2D9ED6EC29CA2CFA00FD0AB8 /* Build configuration list for PBXProject "GreenCoimbatore" */ = {
			isa = XCConfigurationList;
			buildConfigurations = (
				2D9ED70329CA2CFF00FD0AB8 /* Debug */,
				2D9ED70429CA2CFF00FD0AB8 /* Release */,
			);
			defaultConfigurationIsVisible = 0;
			defaultConfigurationName = Release;
		};
		2D9ED70529CA2CFF00FD0AB8 /* Build configuration list for PBXNativeTarget "GreenCoimbatore" */ = {
			isa = XCConfigurationList;
			buildConfigurations = (
				2D9ED70629CA2CFF00FD0AB8 /* Debug */,
				2D9ED70729CA2CFF00FD0AB8 /* Release */,
			);
			defaultConfigurationIsVisible = 0;
			defaultConfigurationName = Release;
		};
/* End XCConfigurationList section */

/* Begin XCRemoteSwiftPackageReference section */
		2D92F97929D82D7000C963DB /* XCRemoteSwiftPackageReference "Alamofire" */ = {
			isa = XCRemoteSwiftPackageReference;
			repositoryURL = "https://github.com/Alamofire/Alamofire.git";
			requirement = {
				kind = upToNextMajorVersion;
				minimumVersion = 5.0.0;
			};
		};
		2D93F83329CDAEB800A498B6 /* XCRemoteSwiftPackageReference "GoogleMaps-SP" */ = {
			isa = XCRemoteSwiftPackageReference;
			repositoryURL = "https://github.com/YAtechnologies/GoogleMaps-SP.git";
			requirement = {
				kind = upToNextMajorVersion;
				minimumVersion = 7.0.0;
			};
		};
/* End XCRemoteSwiftPackageReference section */

/* Begin XCSwiftPackageProductDependency section */
		2D92F97A29D82D7000C963DB /* Alamofire */ = {
			isa = XCSwiftPackageProductDependency;
			package = 2D92F97929D82D7000C963DB /* XCRemoteSwiftPackageReference "Alamofire" */;
			productName = Alamofire;
		};
		2D93F83429CDAEB800A498B6 /* GoogleMaps */ = {
			isa = XCSwiftPackageProductDependency;
			package = 2D93F83329CDAEB800A498B6 /* XCRemoteSwiftPackageReference "GoogleMaps-SP" */;
			productName = GoogleMaps;
		};
		2D93F83629CDAEB800A498B6 /* GoogleMapsBase */ = {
			isa = XCSwiftPackageProductDependency;
			package = 2D93F83329CDAEB800A498B6 /* XCRemoteSwiftPackageReference "GoogleMaps-SP" */;
			productName = GoogleMapsBase;
		};
		2D93F83829CDAEB800A498B6 /* GoogleMapsCore */ = {
			isa = XCSwiftPackageProductDependency;
			package = 2D93F83329CDAEB800A498B6 /* XCRemoteSwiftPackageReference "GoogleMaps-SP" */;
			productName = GoogleMapsCore;
		};
		2D93F83A29CDAEB800A498B6 /* GoogleMapsM4B */ = {
			isa = XCSwiftPackageProductDependency;
			package = 2D93F83329CDAEB800A498B6 /* XCRemoteSwiftPackageReference "GoogleMaps-SP" */;
			productName = GoogleMapsM4B;
		};
		2D93F83C29CDAEB800A498B6 /* GooglePlaces */ = {
			isa = XCSwiftPackageProductDependency;
			package = 2D93F83329CDAEB800A498B6 /* XCRemoteSwiftPackageReference "GoogleMaps-SP" */;
			productName = GooglePlaces;
		};
/* End XCSwiftPackageProductDependency section */
	};
	rootObject = 2D9ED6E929CA2CFA00FD0AB8 /* Project object */;
}
